
Microsoft Visual Studio Solution File, Format Version 12.00
# Visual Studio Version 17
VisualStudioVersion = 17.14.36414.22
MinimumVisualStudioVersion = 10.0.40219.1
Project("{FAE04EC0-301F-11D3-BF4B-00C04F79EFBC}") = "GymManagement.PL", "GymManagement\GymManagement.PL.csproj", "{04C9492D-8F4D-4DAA-8FF6-5979FEF71DCA}"
EndProject
Project("{FAE04EC0-301F-11D3-BF4B-00C04F79EFBC}") = "GymManagement.DAL", "GymManagement.DAL\GymManagement.DAL.csproj", "{C2A8004E-D128-4A8C-91C2-052DC0CB699D}"
EndProject
Project("{FAE04EC0-301F-11D3-BF4B-00C04F79EFBC}") = "GymManagement.BLL", "GymManagement.BLL\GymManagement.BLL.csproj", "{AB0B367F-5050-4A9F-A73A-20AB7113301F}"
EndProject
Global
	GlobalSection(SolutionConfigurationPlatforms) = preSolution
		Debug|Any CPU = Debug|Any CPU
		Release|Any CPU = Release|Any CPU
	EndGlobalSection
	GlobalSection(ProjectConfigurationPlatforms) = postSolution
		{04C9492D-8F4D-4DAA-8FF6-5979FEF71DCA}.Debug|Any CPU.ActiveCfg = Debug|Any CPU
		{04C9492D-8F4D-4DAA-8FF6-5979FEF71DCA}.Debug|Any CPU.Build.0 = Debug|Any CPU
		{04C9492D-8F4D-4DAA-8FF6-5979FEF71DCA}.Release|Any CPU.ActiveCfg = Release|Any CPU
		{04C9492D-8F4D-4DAA-8FF6-5979FEF71DCA}.Release|Any CPU.Build.0 = Release|Any CPU
		{C2A8004E-D128-4A8C-91C2-052DC0CB699D}.Debug|Any CPU.ActiveCfg = Debug|Any CPU
		{C2A8004E-D128-4A8C-91C2-052DC0CB699D}.Debug|Any CPU.Build.0 = Debug|Any CPU
		{C2A8004E-D128-4A8C-91C2-052DC0CB699D}.Release|Any CPU.ActiveCfg = Release|Any CPU
		{C2A8004E-D128-4A8C-91C2-052DC0CB699D}.Release|Any CPU.Build.0 = Release|Any CPU
		{AB0B367F-5050-4A9F-A73A-20AB7113301F}.Debug|Any CPU.ActiveCfg = Debug|Any CPU
		{AB0B367F-5050-4A9F-A73A-20AB7113301F}.Debug|Any CPU.Build.0 = Debug|Any CPU
		{AB0B367F-5050-4A9F-A73A-20AB7113301F}.Release|Any CPU.ActiveCfg = Release|Any CPU
		{AB0B367F-5050-4A9F-A73A-20AB7113301F}.Release|Any CPU.Build.0 = Release|Any CPU
	EndGlobalSection
	GlobalSection(SolutionProperties) = preSolution
		HideSolutionNode = FALSE
	EndGlobalSection
	GlobalSection(ExtensibilityGlobals) = postSolution
		SolutionGuid = {148CFDA4-D13B-49CA-8767-7D3A2599D33A}
	EndGlobalSection
EndGlobal
